
Microsoft Visual Studio Solution File, Format Version 12.00
# Visual Studio Version 17
VisualStudioVersion = 17.10.35122.118
MinimumVisualStudioVersion = 10.0.40219.1
Project("{9A19103F-16F7-4668-BE54-9A1E7A4F7556}") = "DnDAgency.Api", "DnDAgency.Api.csproj", "{53C33CBE-E51A-48F2-A74C-C1D5678E74EB}"
EndProject
Project("{9A19103F-16F7-4668-BE54-9A1E7A4F7556}") = "DnDAgency.Domain", "..\DnDAgency.Domain\DnDAgency.Domain.csproj", "{3C9168F1-FE0B-4E71-B8DE-9C89E0462189}"
EndProject
Project("{9A19103F-16F7-4668-BE54-9A1E7A4F7556}") = "DnDAgency.Application", "..\DnDAgency.Application\DnDAgency.Application.csproj", "{94BDEE49-8CAA-4E1E-BC70-DC6D7C405E3A}"
EndProject
Project("{9A19103F-16F7-4668-BE54-9A1E7A4F7556}") = "DnDAgency.Infrastructure", "..\DnDAgency.Infrastructure\DnDAgency.Infrastructure.csproj", "{77A9936A-5642-48BC-921D-EF34CAA2F893}"
EndProject
Project("{9A19103F-16F7-4668-BE54-9A1E7A4F7556}") = "Tests", "..\Tests\Tests.csproj", "{D85FCC04-D37B-4717-B0CF-67014B71D1A4}"
EndProject
Project("{9A19103F-16F7-4668-BE54-9A1E7A4F7556}") = "DnDAgency.EmailWorker", "..\DnDAgency.EmailWorker\DnDAgency.EmailWorker.csproj", "{58B976C1-E432-408D-86DE-D922DBA7DE25}"
EndProject
Global
	GlobalSection(SolutionConfigurationPlatforms) = preSolution
		Debug|Any CPU = Debug|Any CPU
		Release|Any CPU = Release|Any CPU
	EndGlobalSection
	GlobalSection(ProjectConfigurationPlatforms) = postSolution
		{53C33CBE-E51A-48F2-A74C-C1D5678E74EB}.Debug|Any CPU.ActiveCfg = Debug|Any CPU
		{53C33CBE-E51A-48F2-A74C-C1D5678E74EB}.Debug|Any CPU.Build.0 = Debug|Any CPU
		{53C33CBE-E51A-48F2-A74C-C1D5678E74EB}.Release|Any CPU.ActiveCfg = Release|Any CPU
		{53C33CBE-E51A-48F2-A74C-C1D5678E74EB}.Release|Any CPU.Build.0 = Release|Any CPU
		{3C9168F1-FE0B-4E71-B8DE-9C89E0462189}.Debug|Any CPU.ActiveCfg = Debug|Any CPU
		{3C9168F1-FE0B-4E71-B8DE-9C89E0462189}.Debug|Any CPU.Build.0 = Debug|Any CPU
		{3C9168F1-FE0B-4E71-B8DE-9C89E0462189}.Release|Any CPU.ActiveCfg = Release|Any CPU
		{3C9168F1-FE0B-4E71-B8DE-9C89E0462189}.Release|Any CPU.Build.0 = Release|Any CPU
		{94BDEE49-8CAA-4E1E-BC70-DC6D7C405E3A}.Debug|Any CPU.ActiveCfg = Debug|Any CPU
		{94BDEE49-8CAA-4E1E-BC70-DC6D7C405E3A}.Debug|Any CPU.Build.0 = Debug|Any CPU
		{94BDEE49-8CAA-4E1E-BC70-DC6D7C405E3A}.Release|Any CPU.ActiveCfg = Release|Any CPU
		{94BDEE49-8CAA-4E1E-BC70-DC6D7C405E3A}.Release|Any CPU.Build.0 = Release|Any CPU
		{77A9936A-5642-48BC-921D-EF34CAA2F893}.Debug|Any CPU.ActiveCfg = Debug|Any CPU
		{77A9936A-5642-48BC-921D-EF34CAA2F893}.Debug|Any CPU.Build.0 = Debug|Any CPU
		{77A9936A-5642-48BC-921D-EF34CAA2F893}.Release|Any CPU.ActiveCfg = Release|Any CPU
		{77A9936A-5642-48BC-921D-EF34CAA2F893}.Release|Any CPU.Build.0 = Release|Any CPU
		{D85FCC04-D37B-4717-B0CF-67014B71D1A4}.Debug|Any CPU.ActiveCfg = Debug|Any CPU
		{D85FCC04-D37B-4717-B0CF-67014B71D1A4}.Debug|Any CPU.Build.0 = Debug|Any CPU
		{D85FCC04-D37B-4717-B0CF-67014B71D1A4}.Release|Any CPU.ActiveCfg = Release|Any CPU
		{D85FCC04-D37B-4717-B0CF-67014B71D1A4}.Release|Any CPU.Build.0 = Release|Any CPU
		{58B976C1-E432-408D-86DE-D922DBA7DE25}.Debug|Any CPU.ActiveCfg = Debug|Any CPU
		{58B976C1-E432-408D-86DE-D922DBA7DE25}.Debug|Any CPU.Build.0 = Debug|Any CPU
		{58B976C1-E432-408D-86DE-D922DBA7DE25}.Release|Any CPU.ActiveCfg = Release|Any CPU
		{58B976C1-E432-408D-86DE-D922DBA7DE25}.Release|Any CPU.Build.0 = Release|Any CPU
	EndGlobalSection
	GlobalSection(SolutionProperties) = preSolution
		HideSolutionNode = FALSE
	EndGlobalSection
	GlobalSection(ExtensibilityGlobals) = postSolution
		SolutionGuid = {DFCA40B6-A8E2-43B6-9717-85FA63BB1BD8}
	EndGlobalSection
EndGlobal
